
Microsoft Visual Studio Solution File, Format Version 12.00
# Visual Studio Version 16
VisualStudioVersion = 16.0.28803.352
MinimumVisualStudioVersion = 10.0.40219.1
Project("{FAE04EC0-301F-11D3-BF4B-00C04F79EFBC}") = "AISandbox", "AISandbox\AISandbox.csproj", "{0536CCB2-0E84-4FB6-A06B-ED8359A1B27C}"
EndProject
Global
	GlobalSection(SolutionConfigurationPlatforms) = preSolution
		Debug|Any CPU = Debug|Any CPU
		Release|Any CPU = Release|Any CPU
	EndGlobalSection
	GlobalSection(ProjectConfigurationPlatforms) = postSolution
		{0536CCB2-0E84-4FB6-A06B-ED8359A1B27C}.Debug|Any CPU.ActiveCfg = Debug|Any CPU
		{0536CCB2-0E84-4FB6-A06B-ED8359A1B27C}.Debug|Any CPU.Build.0 = Debug|Any CPU
		{0536CCB2-0E84-4FB6-A06B-ED8359A1B27C}.Release|Any CPU.ActiveCfg = Release|Any CPU
		{0536CCB2-0E84-4FB6-A06B-ED8359A1B27C}.Release|Any CPU.Build.0 = Release|Any CPU
	EndGlobalSection
	GlobalSection(SolutionProperties) = preSolution
		HideSolutionNode = FALSE
	EndGlobalSection
	GlobalSection(ExtensibilityGlobals) = postSolution
		SolutionGuid = {D0A51806-5CF1-43B4-9E32-F7F4CA725EBC}
	EndGlobalSection
EndGlobal
